
Microsoft Visual Studio Solution File, Format Version 12.00
# Visual Studio Version 17
VisualStudioVersion = 17.14.36511.14 d17.14
MinimumVisualStudioVersion = 10.0.40219.1
Project("{8BC9CEB8-8B4A-11D0-8D11-00A0C91BC942}") = "1", "1\1.vcxproj", "{12B14E99-FCB5-47EA-8A6F-E0BE65DB75DA}"
EndProject
Project("{8BC9CEB8-8B4A-11D0-8D11-00A0C91BC942}") = "2", "2\2.vcxproj", "{FA63D46F-D858-4C60-8E8A-D88DFC4587ED}"
EndProject
Global
	GlobalSection(SolutionConfigurationPlatforms) = preSolution
		Debug|x64 = Debug|x64
		Debug|x86 = Debug|x86
		Release|x64 = Release|x64
		Release|x86 = Release|x86
	EndGlobalSection
	GlobalSection(ProjectConfigurationPlatforms) = postSolution
		{12B14E99-FCB5-47EA-8A6F-E0BE65DB75DA}.Debug|x64.ActiveCfg = Debug|x64
		{12B14E99-FCB5-47EA-8A6F-E0BE65DB75DA}.Debug|x64.Build.0 = Debug|x64
		{12B14E99-FCB5-47EA-8A6F-E0BE65DB75DA}.Debug|x86.ActiveCfg = Debug|Win32
		{12B14E99-FCB5-47EA-8A6F-E0BE65DB75DA}.Debug|x86.Build.0 = Debug|Win32
		{12B14E99-FCB5-47EA-8A6F-E0BE65DB75DA}.Release|x64.ActiveCfg = Release|x64
		{12B14E99-FCB5-47EA-8A6F-E0BE65DB75DA}.Release|x64.Build.0 = Release|x64
		{12B14E99-FCB5-47EA-8A6F-E0BE65DB75DA}.Release|x86.ActiveCfg = Release|Win32
		{12B14E99-FCB5-47EA-8A6F-E0BE65DB75DA}.Release|x86.Build.0 = Release|Win32
		{FA63D46F-D858-4C60-8E8A-D88DFC4587ED}.Debug|x64.ActiveCfg = Debug|x64
		{FA63D46F-D858-4C60-8E8A-D88DFC4587ED}.Debug|x64.Build.0 = Debug|x64
		{FA63D46F-D858-4C60-8E8A-D88DFC4587ED}.Debug|x86.ActiveCfg = Debug|Win32
		{FA63D46F-D858-4C60-8E8A-D88DFC4587ED}.Debug|x86.Build.0 = Debug|Win32
		{FA63D46F-D858-4C60-8E8A-D88DFC4587ED}.Release|x64.ActiveCfg = Release|x64
		{FA63D46F-D858-4C60-8E8A-D88DFC4587ED}.Release|x64.Build.0 = Release|x64
		{FA63D46F-D858-4C60-8E8A-D88DFC4587ED}.Release|x86.ActiveCfg = Release|Win32
		{FA63D46F-D858-4C60-8E8A-D88DFC4587ED}.Release|x86.Build.0 = Release|Win32
	EndGlobalSection
	GlobalSection(SolutionProperties) = preSolution
		HideSolutionNode = FALSE
	EndGlobalSection
	GlobalSection(ExtensibilityGlobals) = postSolution
		SolutionGuid = {A26DBF22-886F-4DDA-8B57-CAB5245A2309}
	EndGlobalSection
EndGlobal
